// !$*UTF8*$!
{
	archiveVersion = 1;
	classes = {
	};
	objectVersion = 46;
	objects = {

/* Begin PBXBuildFile section */
		3AFA2CAD1BF9850600AEF798 /* main.m in Sources */ = {isa = PBXBuildFile; fileRef = 3AFA2CAC1BF9850600AEF798 /* main.m */; };
		3AFA2CB01BF9850600AEF798 /* AppDelegate.m in Sources */ = {isa = PBXBuildFile; fileRef = 3AFA2CAF1BF9850600AEF798 /* AppDelegate.m */; };
		3AFA2CB31BF9850600AEF798 /* ViewController.m in Sources */ = {isa = PBXBuildFile; fileRef = 3AFA2CB21BF9850600AEF798 /* ViewController.m */; };
		3AFA2CB61BF9850600AEF798 /* Main.storyboard in Resources */ = {isa = PBXBuildFile; fileRef = 3AFA2CB41BF9850600AEF798 /* Main.storyboard */; };
		3AFA2CB81BF9850600AEF798 /* Assets.xcassets in Resources */ = {isa = PBXBuildFile; fileRef = 3AFA2CB71BF9850600AEF798 /* Assets.xcassets */; };
		3AFA2CBB1BF9850600AEF798 /* LaunchScreen.storyboard in Resources */ = {isa = PBXBuildFile; fileRef = 3AFA2CB91BF9850600AEF798 /* LaunchScreen.storyboard */; };
/* End PBXBuildFile section */

/* Begin PBXFileReference section */
		3AFA2CA81BF9850600AEF798 /* TestGit.app */ = {isa = PBXFileReference; explicitFileType = wrapper.application; includeInIndex = 0; path = TestGit.app; sourceTree = BUILT_PRODUCTS_DIR; };
		3AFA2CAC1BF9850600AEF798 /* main.m */ = {isa = PBXFileReference; lastKnownFileType = sourcecode.c.objc; path = main.m; sourceTree = "<group>"; };
		3AFA2CAE1BF9850600AEF798 /* AppDelegate.h */ = {isa = PBXFileReference; lastKnownFileType = sourcecode.c.h; path = AppDelegate.h; sourceTree = "<group>"; };
		3AFA2CAF1BF9850600AEF798 /* AppDelegate.m */ = {isa = PBXFileReference; lastKnownFileType = sourcecode.c.objc; path = AppDelegate.m; sourceTree = "<group>"; };
		3AFA2CB11BF9850600AEF798 /* ViewController.h */ = {isa = PBXFileReference; lastKnownFileType = sourcecode.c.h; path = ViewController.h; sourceTree = "<group>"; };
		3AFA2CB21BF9850600AEF798 /* ViewController.m */ = {isa = PBXFileReference; lastKnownFileType = sourcecode.c.objc; path = ViewController.m; sourceTree = "<group>"; };
		3AFA2CB51BF9850600AEF798 /* Base */ = {isa = PBXFileReference; lastKnownFileType = file.storyboard; name = Base; path = Base.lproj/Main.storyboard; sourceTree = "<group>"; };
		3AFA2CB71BF9850600AEF798 /* Assets.xcassets */ = {isa = PBXFileReference; lastKnownFileType = folder.assetcatalog; path = Assets.xcassets; sourceTree = "<group>"; };
		3AFA2CBA1BF9850600AEF798 /* Base */ = {isa = PBXFileReference; lastKnownFileType = file.storyboard; name = Base; path = Base.lproj/LaunchScreen.storyboard; sourceTree = "<group>"; };
		3AFA2CBC1BF9850600AEF798 /* Info.plist */ = {isa = PBXFileReference; lastKnownFileType = text.plist.xml; path = Info.plist; sourceTree = "<group>"; };
/* End PBXFileReference section */

/* Begin PBXFrameworksBuildPhase section */
		3AFA2CA51BF9850600AEF798 /* Frameworks */ = {
			isa = PBXFrameworksBuildPhase;
			buildActionMask = 2147483647;
			files = (
			);
			runOnlyForDeploymentPostprocessing = 0;
		};
/* End PBXFrameworksBuildPhase section */

/* Begin PBXGroup section */
		3AFA2C9F1BF9850600AEF798 = {
			isa = PBXGroup;
			children = (
				3AFA2CAA1BF9850600AEF798 /* TestGit */,
				3AFA2CA91BF9850600AEF798 /* Products */,
			);
			sourceTree = "<group>";
		};
		3AFA2CA91BF9850600AEF798 /* Products */ = {
			isa = PBXGroup;
			children = (
				3AFA2CA81BF9850600AEF798 /* TestGit.app */,
			);
			name = Products;
			sourceTree = "<group>";
		};
		3AFA2CAA1BF9850600AEF798 /* TestGit */ = {
			isa = PBXGroup;
			children = (
				3AFA2CAE1BF9850600AEF798 /* AppDelegate.h */,
				3AFA2CAF1BF9850600AEF798 /* AppDelegate.m */,
				3AFA2CB11BF9850600AEF798 /* ViewController.h */,
				3AFA2CB21BF9850600AEF798 /* ViewController.m */,
				3AFA2CB41BF9850600AEF798 /* Main.storyboard */,
				3AFA2CB71BF9850600AEF798 /* Assets.xcassets */,
				3AFA2CB91BF9850600AEF798 /* LaunchScreen.storyboard */,
				3AFA2CBC1BF9850600AEF798 /* Info.plist */,
				3AFA2CAB1BF9850600AEF798 /* Supporting Files */,
			);
			path = TestGit;
			sourceTree = "<group>";
		};
		3AFA2CAB1BF9850600AEF798 /* Supporting Files */ = {
			isa = PBXGroup;
			children = (
				3AFA2CAC1BF9850600AEF798 /* main.m */,
			);
			name = "Supporting Files";
			sourceTree = "<group>";
		};
/* End PBXGroup section */

/* Begin PBXNativeTarget section */
		3AFA2CA71BF9850600AEF798 /* TestGit */ = {
			isa = PBXNativeTarget;
			buildConfigurationList = 3AFA2CBF1BF9850600AEF798 /* Build configuration list for PBXNativeTarget "TestGit" */;
			buildPhases = (
				3AFA2CA41BF9850600AEF798 /* Sources */,
				3AFA2CA51BF9850600AEF798 /* Frameworks */,
				3AFA2CA61BF9850600AEF798 /* Resources */,
			);
			buildRules = (
			);
			dependencies = (
			);
			name = TestGit;
			productName = TestGit;
			productReference = 3AFA2CA81BF9850600AEF798 /* TestGit.app */;
			productType = "com.apple.product-type.application";
		};
/* End PBXNativeTarget section */

/* Begin PBXProject section */
		3AFA2CA01BF9850600AEF798 /* Project object */ = {
			isa = PBXProject;
			attributes = {
				LastUpgradeCheck = 0710;
				ORGANIZATIONNAME = IncredTechnologies;
				TargetAttributes = {
					3AFA2CA71BF9850600AEF798 = {
						CreatedOnToolsVersion = 7.1;
					};
				};
			};
			buildConfigurationList = 3AFA2CA31BF9850600AEF798 /* Build configuration list for PBXProject "TestGit" */;
			compatibilityVersion = "Xcode 3.2";
			developmentRegion = English;
			hasScannedForEncodings = 0;
			knownRegions = (
				en,
				Base,
			);
			mainGroup = 3AFA2C9F1BF9850600AEF798;
			productRefGroup = 3AFA2CA91BF9850600AEF798 /* Products */;
			projectDirPath = "";
			projectRoot = "";
			targets = (
				3AFA2CA71BF9850600AEF798 /* TestGit */,
			);
		};
/* End PBXProject section */

/* Begin PBXResourcesBuildPhase section */
		3AFA2CA61BF9850600AEF798 /* Resources */ = {
			isa = PBXResourcesBuildPhase;
			buildActionMask = 2147483647;
			files = (
				3AFA2CBB1BF9850600AEF798 /* LaunchScreen.storyboard in Resources */,
				3AFA2CB81BF9850600AEF798 /* Assets.xcassets in Resources */,
				3AFA2CB61BF9850600AEF798 /* Main.storyboard in Resources */,
			);
			runOnlyForDeploymentPostprocessing = 0;
		};
/* End PBXResourcesBuildPhase section */

/* Begin PBXSourcesBuildPhase section */
		3AFA2CA41BF9850600AEF798 /* Sources */ = {
			isa = PBXSourcesBuildPhase;
			buildActionMask = 2147483647;
			files = (
				3AFA2CB31BF9850600AEF798 /* ViewController.m in Sources */,
				3AFA2CB01BF9850600AEF798 /* AppDelegate.m in Sources */,
				3AFA2CAD1BF9850600AEF798 /* main.m in Sources */,
			);
			runOnlyForDeploymentPostprocessing = 0;
		};
/* End PBXSourcesBuildPhase section */

/* Begin PBXVariantGroup section */
		3AFA2CB41BF9850600AEF798 /* Main.storyboard */ = {
			isa = PBXVariantGroup;
			children = (
				3AFA2CB51BF9850600AEF798 /* Base */,
			);
			name = Main.storyboard;
			sourceTree = "<group>";
		};
		3AFA2CB91BF9850600AEF798 /* LaunchScreen.storyboard */ = {
			isa = PBXVariantGroup;
			children = (
				3AFA2CBA1BF9850600AEF798 /* Base */,
			);
			name = LaunchScreen.storyboard;
			sourceTree = "<group>";
		};
/* End PBXVariantGroup section */

/* Begin XCBuildConfiguration section */
		3AFA2CBD1BF9850600AEF798 /* Debug */ = {
			isa = XCBuildConfiguration;
			buildSettings = {
				ALWAYS_SEARCH_USER_PATHS = NO;
				CLANG_CXX_LANGUAGE_STANDARD = "gnu++0x";
				CLANG_CXX_LIBRARY = "libc++";
				CLANG_ENABLE_MODULES = YES;
				CLANG_ENABLE_OBJC_ARC = YES;
				CLANG_WARN_BOOL_CONVERSION = YES;
				CLANG_WARN_CONSTANT_CONVERSION = YES;
				CLANG_WARN_DIRECT_OBJC_ISA_USAGE = YES_ERROR;
				CLANG_WARN_EMPTY_BODY = YES;
				CLANG_WARN_ENUM_CONVERSION = YES;
				CLANG_WARN_INT_CONVERSION = YES;
				CLANG_WARN_OBJC_ROOT_CLASS = YES_ERROR;
				CLANG_WARN_UNREACHABLE_CODE = YES;
				CLANG_WARN__DUPLICATE_METHOD_MATCH = YES;
				"CODE_SIGN_IDENTITY[sdk=iphoneos*]" = "iPhone Developer";
				COPY_PHASE_STRIP = NO;
				DEBUG_INFORMATION_FORMAT = dwarf;
				ENABLE_STRICT_OBJC_MSGSEND = YES;
				ENABLE_TESTABILITY = YES;
				GCC_C_LANGUAGE_STANDARD = gnu99;
				GCC_DYNAMIC_NO_PIC = NO;
				GCC_NO_COMMON_BLOCKS = YES;
				GCC_OPTIMIZATION_LEVEL = 0;
				GCC_PREPROCESSOR_DEFINITIONS = (
					"DEBUG=1",
					"$(inherited)",
				);
				GCC_WARN_64_TO_32_BIT_CONVERSION = YES;
				GCC_WARN_ABOUT_RETURN_TYPE = YES_ERROR;
				GCC_WARN_UNDECLARED_SELECTOR = YES;
				GCC_WARN_UNINITIALIZED_AUTOS = YES_AGGRESSIVE;
				GCC_WARN_UNUSED_FUNCTION = YES;
				GCC_WARN_UNUSED_VARIABLE = YES;
				IPHONEOS_DEPLOYMENT_TARGET = 9.1;
				MTL_ENABLE_DEBUG_INFO = YES;
				ONLY_ACTIVE_ARCH = YES;
				SDKROOT = iphoneos;
			};
			name = Debug;
		};
		3AFA2CBE1BF9850600AEF798 /* Release */ = {
			isa = XCBuildConfiguration;
			buildSettings = {
				ALWAYS_SEARCH_USER_PATHS = NO;
				CLANG_CXX_LANGUAGE_STANDARD = "gnu++0x";
				CLANG_CXX_LIBRARY = "libc++";
				CLANG_ENABLE_MODULES = YES;
				CLANG_ENABLE_OBJC_ARC = YES;
				CLANG_WARN_BOOL_CONVERSION = YES;
				CLANG_WARN_CONSTANT_CONVERSION = YES;
				CLANG_WARN_DIRECT_OBJC_ISA_USAGE = YES_ERROR;
				CLANG_WARN_EMPTY_BODY = YES;
				CLANG_WARN_ENUM_CONVERSION = YES;
				CLANG_WARN_INT_CONVERSION = YES;
				CLANG_WARN_OBJC_ROOT_CLASS = YES_ERROR;
				CLANG_WARN_UNREACHABLE_CODE = YES;
				CLANG_WARN__DUPLICATE_METHOD_MATCH = YES;
				"CODE_SIGN_IDENTITY[sdk=iphoneos*]" = "iPhone Developer";
				COPY_PHASE_STRIP = NO;
				DEBUG_INFORMATION_FORMAT = "dwarf-with-dsym";
				ENABLE_NS_ASSERTIONS = NO;
				ENABLE_STRICT_OBJC_MSGSEND = YES;
				GCC_C_LANGUAGE_STANDARD = gnu99;
				GCC_NO_COMMON_BLOCKS = YES;
				GCC_WARN_64_TO_32_BIT_CONVERSION = YES;
				GCC_WARN_ABOUT_RETURN_TYPE = YES_ERROR;
				GCC_WARN_UNDECLARED_SELECTOR = YES;
				GCC_WARN_UNINITIALIZED_AUTOS = YES_AGGRESSIVE;
				GCC_WARN_UNUSED_FUNCTION = YES;
				GCC_WARN_UNUSED_VARIABLE = YES;
				IPHONEOS_DEPLOYMENT_TARGET = 9.1;
				MTL_ENABLE_DEBUG_INFO = NO;
				SDKROOT = iphoneos;
				VALIDATE_PRODUCT = YES;
			};
			name = Release;
		};
		3AFA2CC01BF9850600AEF798 /* Debug */ = {
			isa = XCBuildConfiguration;
			buildSettings = {
				ASSETCATALOG_COMPILER_APPICON_NAME = AppIcon;
				INFOPLIST_FILE = TestGit/Info.plist;
				LD_RUNPATH_SEARCH_PATHS = "$(inherited) @executable_path/Frameworks";
				PRODUCT_BUNDLE_IDENTIFIER = com.incred.dating.TestGit;
				PRODUCT_NAME = "$(TARGET_NAME)";
			};
			name = Debug;
		};
		3AFA2CC11BF9850600AEF798 /* Release */ = {
			isa = XCBuildConfiguration;
			buildSettings = {
				ASSETCATALOG_COMPILER_APPICON_NAME = AppIcon;
				INFOPLIST_FILE = TestGit/Info.plist;
				LD_RUNPATH_SEARCH_PATHS = "$(inherited) @executable_path/Frameworks";
				PRODUCT_BUNDLE_IDENTIFIER = com.incred.dating.TestGit;
				PRODUCT_NAME = "$(TARGET_NAME)";
			};
			name = Release;
		};
/* End XCBuildConfiguration section */

/* Begin XCConfigurationList section */
		3AFA2CA31BF9850600AEF798 /* Build configuration list for PBXProject "TestGit" */ = {
			isa = XCConfigurationList;
			buildConfigurations = (
				3AFA2CBD1BF9850600AEF798 /* Debug */,
				3AFA2CBE1BF9850600AEF798 /* Release */,
			);
			defaultConfigurationIsVisible = 0;
			defaultConfigurationName = Release;
		};
		3AFA2CBF1BF9850600AEF798 /* Build configuration list for PBXNativeTarget "TestGit" */ = {
			isa = XCConfigurationList;
			buildConfigurations = (
				3AFA2CC01BF9850600AEF798 /* Debug */,
				3AFA2CC11BF9850600AEF798 /* Release */,
			);
			defaultConfigurationIsVisible = 0;
		};
/* End XCConfigurationList section */
	};
	rootObject = 3AFA2CA01BF9850600AEF798 /* Project object */;
}
